// !$*UTF8*$!
{
	archiveVersion = 1;
	classes = {
	};
	objectVersion = 50;
	objects = {

/* Begin PBXBuildFile section */
		5C7C2CF723491311006FF459 /* AppDelegate.swift in Sources */ = {isa = PBXBuildFile; fileRef = 5C7C2CF623491311006FF459 /* AppDelegate.swift */; };
		5C7C2CF923491311006FF459 /* ViewController.swift in Sources */ = {isa = PBXBuildFile; fileRef = 5C7C2CF823491311006FF459 /* ViewController.swift */; };
		5C7C2CFC23491311006FF459 /* Main.storyboard in Resources */ = {isa = PBXBuildFile; fileRef = 5C7C2CFA23491311006FF459 /* Main.storyboard */; };
		5C7C2CFE23491315006FF459 /* Assets.xcassets in Resources */ = {isa = PBXBuildFile; fileRef = 5C7C2CFD23491315006FF459 /* Assets.xcassets */; };
		5C7C2D0123491315006FF459 /* LaunchScreen.storyboard in Resources */ = {isa = PBXBuildFile; fileRef = 5C7C2CFF23491315006FF459 /* LaunchScreen.storyboard */; };
		5C7C2D0B234944FA006FF459 /* Register.swift in Sources */ = {isa = PBXBuildFile; fileRef = 5C7C2D0A234944FA006FF459 /* Register.swift */; };
		5C7C2D0D23494EAB006FF459 /* Settings.swift in Sources */ = {isa = PBXBuildFile; fileRef = 5C7C2D0C23494EAB006FF459 /* Settings.swift */; };
		5CD2E37E234B02A30003FBE4 /* TrackPet.swift in Sources */ = {isa = PBXBuildFile; fileRef = 5CD2E37D234B02A30003FBE4 /* TrackPet.swift */; };
/* End PBXBuildFile section */

/* Begin PBXFileReference section */
		5C7C2CF323491311006FF459 /* DOGGO.app */ = {isa = PBXFileReference; explicitFileType = wrapper.application; includeInIndex = 0; path = DOGGO.app; sourceTree = BUILT_PRODUCTS_DIR; };
		5C7C2CF623491311006FF459 /* AppDelegate.swift */ = {isa = PBXFileReference; lastKnownFileType = sourcecode.swift; path = AppDelegate.swift; sourceTree = "<group>"; };
		5C7C2CF823491311006FF459 /* ViewController.swift */ = {isa = PBXFileReference; lastKnownFileType = sourcecode.swift; path = ViewController.swift; sourceTree = "<group>"; };
		5C7C2CFB23491311006FF459 /* Base */ = {isa = PBXFileReference; lastKnownFileType = file.storyboard; name = Base; path = Base.lproj/Main.storyboard; sourceTree = "<group>"; };
		5C7C2CFD23491315006FF459 /* Assets.xcassets */ = {isa = PBXFileReference; lastKnownFileType = folder.assetcatalog; path = Assets.xcassets; sourceTree = "<group>"; };
		5C7C2D0023491315006FF459 /* Base */ = {isa = PBXFileReference; lastKnownFileType = file.storyboard; name = Base; path = Base.lproj/LaunchScreen.storyboard; sourceTree = "<group>"; };
		5C7C2D0223491315006FF459 /* Info.plist */ = {isa = PBXFileReference; lastKnownFileType = text.plist.xml; path = Info.plist; sourceTree = "<group>"; };
		5C7C2D0A234944FA006FF459 /* Register.swift */ = {isa = PBXFileReference; lastKnownFileType = sourcecode.swift; path = Register.swift; sourceTree = "<group>"; };
		5C7C2D0C23494EAB006FF459 /* Settings.swift */ = {isa = PBXFileReference; lastKnownFileType = sourcecode.swift; path = Settings.swift; sourceTree = "<group>"; };
		5CD2E37D234B02A30003FBE4 /* TrackPet.swift */ = {isa = PBXFileReference; lastKnownFileType = sourcecode.swift; path = TrackPet.swift; sourceTree = "<group>"; };
/* End PBXFileReference section */

/* Begin PBXFrameworksBuildPhase section */
		5C7C2CF023491311006FF459 /* Frameworks */ = {
			isa = PBXFrameworksBuildPhase;
			buildActionMask = 2147483647;
			files = (
			);
			runOnlyForDeploymentPostprocessing = 0;
		};
/* End PBXFrameworksBuildPhase section */

/* Begin PBXGroup section */
		5C7C2CEA23491311006FF459 = {
			isa = PBXGroup;
			children = (
				5C7C2CF523491311006FF459 /* DOGGO */,
				5C7C2CF423491311006FF459 /* Products */,
			);
			sourceTree = "<group>";
		};
		5C7C2CF423491311006FF459 /* Products */ = {
			isa = PBXGroup;
			children = (
				5C7C2CF323491311006FF459 /* DOGGO.app */,
			);
			name = Products;
			sourceTree = "<group>";
		};
		5C7C2CF523491311006FF459 /* DOGGO */ = {
			isa = PBXGroup;
			children = (
				5C7C2CF623491311006FF459 /* AppDelegate.swift */,
				5C7C2CF823491311006FF459 /* ViewController.swift */,
				5C7C2D0A234944FA006FF459 /* Register.swift */,
				5CD2E37D234B02A30003FBE4 /* TrackPet.swift */,
				5C7C2D0C23494EAB006FF459 /* Settings.swift */,
				5C7C2CFA23491311006FF459 /* Main.storyboard */,
				5C7C2CFD23491315006FF459 /* Assets.xcassets */,
				5C7C2CFF23491315006FF459 /* LaunchScreen.storyboard */,
				5C7C2D0223491315006FF459 /* Info.plist */,
			);
			path = DOGGO;
			sourceTree = "<group>";
		};
/* End PBXGroup section */

/* Begin PBXNativeTarget section */
		5C7C2CF223491311006FF459 /* DOGGO */ = {
			isa = PBXNativeTarget;
			buildConfigurationList = 5C7C2D0523491315006FF459 /* Build configuration list for PBXNativeTarget "DOGGO" */;
			buildPhases = (
				5C7C2CEF23491311006FF459 /* Sources */,
				5C7C2CF023491311006FF459 /* Frameworks */,
				5C7C2CF123491311006FF459 /* Resources */,
			);
			buildRules = (
			);
			dependencies = (
			);
			name = DOGGO;
			productName = DOGGO;
			productReference = 5C7C2CF323491311006FF459 /* DOGGO.app */;
			productType = "com.apple.product-type.application";
		};
/* End PBXNativeTarget section */

/* Begin PBXProject section */
		5C7C2CEB23491311006FF459 /* Project object */ = {
			isa = PBXProject;
			attributes = {
				LastSwiftUpdateCheck = 1030;
				LastUpgradeCheck = 1030;
				ORGANIZATIONNAME = DOGGO;
				TargetAttributes = {
					5C7C2CF223491311006FF459 = {
						CreatedOnToolsVersion = 10.3;
					};
				};
			};
			buildConfigurationList = 5C7C2CEE23491311006FF459 /* Build configuration list for PBXProject "DOGGO" */;
			compatibilityVersion = "Xcode 9.3";
			developmentRegion = en;
			hasScannedForEncodings = 0;
			knownRegions = (
				en,
				Base,
			);
			mainGroup = 5C7C2CEA23491311006FF459;
			productRefGroup = 5C7C2CF423491311006FF459 /* Products */;
			projectDirPath = "";
			projectRoot = "";
			targets = (
				5C7C2CF223491311006FF459 /* DOGGO */,
			);
		};
/* End PBXProject section */

/* Begin PBXResourcesBuildPhase section */
		5C7C2CF123491311006FF459 /* Resources */ = {
			isa = PBXResourcesBuildPhase;
			buildActionMask = 2147483647;
			files = (
				5C7C2D0123491315006FF459 /* LaunchScreen.storyboard in Resources */,
				5C7C2CFE23491315006FF459 /* Assets.xcassets in Resources */,
				5C7C2CFC23491311006FF459 /* Main.storyboard in Resources */,
			);
			runOnlyForDeploymentPostprocessing = 0;
		};
/* End PBXResourcesBuildPhase section */

/* Begin PBXSourcesBuildPhase section */
		5C7C2CEF23491311006FF459 /* Sources */ = {
			isa = PBXSourcesBuildPhase;
			buildActionMask = 2147483647;
			files = (
				5C7C2D0B234944FA006FF459 /* Register.swift in Sources */,
				5C7C2CF923491311006FF459 /* ViewController.swift in Sources */,
				5C7C2D0D23494EAB006FF459 /* Settings.swift in Sources */,
				5C7C2CF723491311006FF459 /* AppDelegate.swift in Sources */,
				5CD2E37E234B02A30003FBE4 /* TrackPet.swift in Sources */,
			);
			runOnlyForDeploymentPostprocessing = 0;
		};
/* End PBXSourcesBuildPhase section */

/* Begin PBXVariantGroup section */
		5C7C2CFA23491311006FF459 /* Main.storyboard */ = {
			isa = PBXVariantGroup;
			children = (
				5C7C2CFB23491311006FF459 /* Base */,
			);
			name = Main.storyboard;
			sourceTree = "<group>";
		};
		5C7C2CFF23491315006FF459 /* LaunchScreen.storyboard */ = {
			isa = PBXVariantGroup;
			children = (
				5C7C2D0023491315006FF459 /* Base */,
			);
			name = LaunchScreen.storyboard;
			sourceTree = "<group>";
		};
/* End PBXVariantGroup section */

/* Begin XCBuildConfiguration section */
		5C7C2D0323491315006FF459 /* Debug */ = {
			isa = XCBuildConfiguration;
			buildSettings = {
				ALWAYS_SEARCH_USER_PATHS = NO;
				CLANG_ANALYZER_NONNULL = YES;
				CLANG_ANALYZER_NUMBER_OBJECT_CONVERSION = YES_AGGRESSIVE;
				CLANG_CXX_LANGUAGE_STANDARD = "gnu++14";
				CLANG_CXX_LIBRARY = "libc++";
				CLANG_ENABLE_MODULES = YES;
				CLANG_ENABLE_OBJC_ARC = YES;
				CLANG_ENABLE_OBJC_WEAK = YES;
				CLANG_WARN_BLOCK_CAPTURE_AUTORELEASING = YES;
				CLANG_WARN_BOOL_CONVERSION = YES;
				CLANG_WARN_COMMA = YES;
				CLANG_WARN_CONSTANT_CONVERSION = YES;
				CLANG_WARN_DEPRECATED_OBJC_IMPLEMENTATIONS = YES;
				CLANG_WARN_DIRECT_OBJC_ISA_USAGE = YES_ERROR;
				CLANG_WARN_DOCUMENTATION_COMMENTS = YES;
				CLANG_WARN_EMPTY_BODY = YES;
				CLANG_WARN_ENUM_CONVERSION = YES;
				CLANG_WARN_INFINITE_RECURSION = YES;
				CLANG_WARN_INT_CONVERSION = YES;
				CLANG_WARN_NON_LITERAL_NULL_CONVERSION = YES;
				CLANG_WARN_OBJC_IMPLICIT_RETAIN_SELF = YES;
				CLANG_WARN_OBJC_LITERAL_CONVERSION = YES;
				CLANG_WARN_OBJC_ROOT_CLASS = YES_ERROR;
				CLANG_WARN_RANGE_LOOP_ANALYSIS = YES;
				CLANG_WARN_STRICT_PROTOTYPES = YES;
				CLANG_WARN_SUSPICIOUS_MOVE = YES;
				CLANG_WARN_UNGUARDED_AVAILABILITY = YES_AGGRESSIVE;
				CLANG_WARN_UNREACHABLE_CODE = YES;
				CLANG_WARN__DUPLICATE_METHOD_MATCH = YES;
				CODE_SIGN_IDENTITY = "iPhone Developer";
				COPY_PHASE_STRIP = NO;
				DEBUG_INFORMATION_FORMAT = dwarf;
				ENABLE_STRICT_OBJC_MSGSEND = YES;
				ENABLE_TESTABILITY = YES;
				GCC_C_LANGUAGE_STANDARD = gnu11;
				GCC_DYNAMIC_NO_PIC = NO;
				GCC_NO_COMMON_BLOCKS = YES;
				GCC_OPTIMIZATION_LEVEL = 0;
				GCC_PREPROCESSOR_DEFINITIONS = (
					"DEBUG=1",
					"$(inherited)",
				);
				GCC_WARN_64_TO_32_BIT_CONVERSION = YES;
				GCC_WARN_ABOUT_RETURN_TYPE = YES_ERROR;
				GCC_WARN_UNDECLARED_SELECTOR = YES;
				GCC_WARN_UNINITIALIZED_AUTOS = YES_AGGRESSIVE;
				GCC_WARN_UNUSED_FUNCTION = YES;
				GCC_WARN_UNUSED_VARIABLE = YES;
				IPHONEOS_DEPLOYMENT_TARGET = 12.4;
				MTL_ENABLE_DEBUG_INFO = INCLUDE_SOURCE;
				MTL_FAST_MATH = YES;
				ONLY_ACTIVE_ARCH = YES;
				SDKROOT = iphoneos;
				SWIFT_ACTIVE_COMPILATION_CONDITIONS = DEBUG;
				SWIFT_OPTIMIZATION_LEVEL = "-Onone";
			};
			name = Debug;
		};
		5C7C2D0423491315006FF459 /* Release */ = {
			isa = XCBuildConfiguration;
			buildSettings = {
				ALWAYS_SEARCH_USER_PATHS = NO;
				CLANG_ANALYZER_NONNULL = YES;
				CLANG_ANALYZER_NUMBER_OBJECT_CONVERSION = YES_AGGRESSIVE;
				CLANG_CXX_LANGUAGE_STANDARD = "gnu++14";
				CLANG_CXX_LIBRARY = "libc++";
				CLANG_ENABLE_MODULES = YES;
				CLANG_ENABLE_OBJC_ARC = YES;
				CLANG_ENABLE_OBJC_WEAK = YES;
				CLANG_WARN_BLOCK_CAPTURE_AUTORELEASING = YES;
				CLANG_WARN_BOOL_CONVERSION = YES;
				CLANG_WARN_COMMA = YES;
				CLANG_WARN_CONSTANT_CONVERSION = YES;
				CLANG_WARN_DEPRECATED_OBJC_IMPLEMENTATIONS = YES;
				CLANG_WARN_DIRECT_OBJC_ISA_USAGE = YES_ERROR;
				CLANG_WARN_DOCUMENTATION_COMMENTS = YES;
				CLANG_WARN_EMPTY_BODY = YES;
				CLANG_WARN_ENUM_CONVERSION = YES;
				CLANG_WARN_INFINITE_RECURSION = YES;
				CLANG_WARN_INT_CONVERSION = YES;
				CLANG_WARN_NON_LITERAL_NULL_CONVERSION = YES;
				CLANG_WARN_OBJC_IMPLICIT_RETAIN_SELF = YES;
				CLANG_WARN_OBJC_LITERAL_CONVERSION = YES;
				CLANG_WARN_OBJC_ROOT_CLASS = YES_ERROR;
				CLANG_WARN_RANGE_LOOP_ANALYSIS = YES;
				CLANG_WARN_STRICT_PROTOTYPES = YES;
				CLANG_WARN_SUSPICIOUS_MOVE = YES;
				CLANG_WARN_UNGUARDED_AVAILABILITY = YES_AGGRESSIVE;
				CLANG_WARN_UNREACHABLE_CODE = YES;
				CLANG_WARN__DUPLICATE_METHOD_MATCH = YES;
				CODE_SIGN_IDENTITY = "iPhone Developer";
				COPY_PHASE_STRIP = NO;
				DEBUG_INFORMATION_FORMAT = "dwarf-with-dsym";
				ENABLE_NS_ASSERTIONS = NO;
				ENABLE_STRICT_OBJC_MSGSEND = YES;
				GCC_C_LANGUAGE_STANDARD = gnu11;
				GCC_NO_COMMON_BLOCKS = YES;
				GCC_WARN_64_TO_32_BIT_CONVERSION = YES;
				GCC_WARN_ABOUT_RETURN_TYPE = YES_ERROR;
				GCC_WARN_UNDECLARED_SELECTOR = YES;
				GCC_WARN_UNINITIALIZED_AUTOS = YES_AGGRESSIVE;
				GCC_WARN_UNUSED_FUNCTION = YES;
				GCC_WARN_UNUSED_VARIABLE = YES;
				IPHONEOS_DEPLOYMENT_TARGET = 12.4;
				MTL_ENABLE_DEBUG_INFO = NO;
				MTL_FAST_MATH = YES;
				SDKROOT = iphoneos;
				SWIFT_COMPILATION_MODE = wholemodule;
				SWIFT_OPTIMIZATION_LEVEL = "-O";
				VALIDATE_PRODUCT = YES;
			};
			name = Release;
		};
		5C7C2D0623491315006FF459 /* Debug */ = {
			isa = XCBuildConfiguration;
			buildSettings = {
				ASSETCATALOG_COMPILER_APPICON_NAME = AppIcon;
				CODE_SIGN_STYLE = Automatic;
				INFOPLIST_FILE = DOGGO/Info.plist;
				LD_RUNPATH_SEARCH_PATHS = (
					"$(inherited)",
					"@executable_path/Frameworks",
				);
				PRODUCT_BUNDLE_IDENTIFIER = CMPE.DOGGO;
				PRODUCT_NAME = "$(TARGET_NAME)";
				SWIFT_VERSION = 5.0;
				TARGETED_DEVICE_FAMILY = "1,2";
			};
			name = Debug;
		};
		5C7C2D0723491315006FF459 /* Release */ = {
			isa = XCBuildConfiguration;
			buildSettings = {
				ASSETCATALOG_COMPILER_APPICON_NAME = AppIcon;
				CODE_SIGN_STYLE = Automatic;
				INFOPLIST_FILE = DOGGO/Info.plist;
				LD_RUNPATH_SEARCH_PATHS = (
					"$(inherited)",
					"@executable_path/Frameworks",
				);
				PRODUCT_BUNDLE_IDENTIFIER = CMPE.DOGGO;
				PRODUCT_NAME = "$(TARGET_NAME)";
				SWIFT_VERSION = 5.0;
				TARGETED_DEVICE_FAMILY = "1,2";
			};
			name = Release;
		};
/* End XCBuildConfiguration section */

/* Begin XCConfigurationList section */
		5C7C2CEE23491311006FF459 /* Build configuration list for PBXProject "DOGGO" */ = {
			isa = XCConfigurationList;
			buildConfigurations = (
				5C7C2D0323491315006FF459 /* Debug */,
				5C7C2D0423491315006FF459 /* Release */,
			);
			defaultConfigurationIsVisible = 0;
			defaultConfigurationName = Release;
		};
		5C7C2D0523491315006FF459 /* Build configuration list for PBXNativeTarget "DOGGO" */ = {
			isa = XCConfigurationList;
			buildConfigurations = (
				5C7C2D0623491315006FF459 /* Debug */,
				5C7C2D0723491315006FF459 /* Release */,
			);
			defaultConfigurationIsVisible = 0;
			defaultConfigurationName = Release;
		};
/* End XCConfigurationList section */
	};
	rootObject = 5C7C2CEB23491311006FF459 /* Project object */;
}
